
Microsoft Visual Studio Solution File, Format Version 12.00
# Visual Studio Version 16
VisualStudioVersion = 16.0.29709.97
MinimumVisualStudioVersion = 10.0.40219.1
Project("{8BC9CEB8-8B4A-11D0-8D11-00A0C91BC942}") = "Program 1 (MR)", "Program 1 (MR).vcxproj", "{543EF51D-8D7B-428E-9B81-919F1EDFF338}"
EndProject
Global
	GlobalSection(SolutionConfigurationPlatforms) = preSolution
		Debug|x64 = Debug|x64
		Debug|x86 = Debug|x86
		Release|x64 = Release|x64
		Release|x86 = Release|x86
	EndGlobalSection
	GlobalSection(ProjectConfigurationPlatforms) = postSolution
		{543EF51D-8D7B-428E-9B81-919F1EDFF338}.Debug|x64.ActiveCfg = Debug|x64
		{543EF51D-8D7B-428E-9B81-919F1EDFF338}.Debug|x64.Build.0 = Debug|x64
		{543EF51D-8D7B-428E-9B81-919F1EDFF338}.Debug|x86.ActiveCfg = Debug|Win32
		{543EF51D-8D7B-428E-9B81-919F1EDFF338}.Debug|x86.Build.0 = Debug|Win32
		{543EF51D-8D7B-428E-9B81-919F1EDFF338}.Release|x64.ActiveCfg = Release|x64
		{543EF51D-8D7B-428E-9B81-919F1EDFF338}.Release|x64.Build.0 = Release|x64
		{543EF51D-8D7B-428E-9B81-919F1EDFF338}.Release|x86.ActiveCfg = Release|Win32
		{543EF51D-8D7B-428E-9B81-919F1EDFF338}.Release|x86.Build.0 = Release|Win32
	EndGlobalSection
	GlobalSection(SolutionProperties) = preSolution
		HideSolutionNode = FALSE
	EndGlobalSection
	GlobalSection(ExtensibilityGlobals) = postSolution
		SolutionGuid = {266B7510-1287-4760-8B45-436A524BB3A4}
	EndGlobalSection
EndGlobal
